// !$*UTF8*$!
{
	archiveVersion = 1;
	classes = {
	};
	objectVersion = 50;
	objects = {

/* Begin PBXBuildFile section */
		79E80263226EEA3000956584 /* main.cpp in Sources */ = {isa = PBXBuildFile; fileRef = 79E80262226EEA3000956584 /* main.cpp */; };
		79E8026B226EEA4600956584 /* OpenGL.framework in Frameworks */ = {isa = PBXBuildFile; fileRef = 79E8026A226EEA4600956584 /* OpenGL.framework */; };
		79E80271226EFE9900956584 /* libCGAL.13.0.2.dylib in Frameworks */ = {isa = PBXBuildFile; fileRef = 79E8026C226EFE9900956584 /* libCGAL.13.0.2.dylib */; };
		79E80272226EFE9900956584 /* libCGAL_Core.13.0.2.dylib in Frameworks */ = {isa = PBXBuildFile; fileRef = 79E8026D226EFE9900956584 /* libCGAL_Core.13.0.2.dylib */; };
		79E80273226EFE9900956584 /* libboost_thread-mt.dylib in Frameworks */ = {isa = PBXBuildFile; fileRef = 79E8026E226EFE9900956584 /* libboost_thread-mt.dylib */; };
		79E80274226EFE9900956584 /* libgmp.10.dylib in Frameworks */ = {isa = PBXBuildFile; fileRef = 79E8026F226EFE9900956584 /* libgmp.10.dylib */; };
		79E80275226EFE9900956584 /* libmpfr.6.dylib in Frameworks */ = {isa = PBXBuildFile; fileRef = 79E80270226EFE9900956584 /* libmpfr.6.dylib */; };
		79E802792271B49200956584 /* libglfw.3.3.dylib in Frameworks */ = {isa = PBXBuildFile; fileRef = 79E802782271B49200956584 /* libglfw.3.3.dylib */; };
/* End PBXBuildFile section */

/* Begin PBXCopyFilesBuildPhase section */
		79E8025D226EEA3000956584 /* CopyFiles */ = {
			isa = PBXCopyFilesBuildPhase;
			buildActionMask = 2147483647;
			dstPath = /usr/share/man/man1/;
			dstSubfolderSpec = 0;
			files = (
			);
			runOnlyForDeploymentPostprocessing = 1;
		};
/* End PBXCopyFilesBuildPhase section */

/* Begin PBXFileReference section */
		79E8025F226EEA3000956584 /* CDG Project */ = {isa = PBXFileReference; explicitFileType = "compiled.mach-o.executable"; includeInIndex = 0; path = "CDG Project"; sourceTree = BUILT_PRODUCTS_DIR; };
		79E80262226EEA3000956584 /* main.cpp */ = {isa = PBXFileReference; lastKnownFileType = sourcecode.cpp.cpp; path = main.cpp; sourceTree = "<group>"; };
		79E8026A226EEA4600956584 /* OpenGL.framework */ = {isa = PBXFileReference; lastKnownFileType = wrapper.framework; name = OpenGL.framework; path = System/Library/Frameworks/OpenGL.framework; sourceTree = SDKROOT; };
		79E8026C226EFE9900956584 /* libCGAL.13.0.2.dylib */ = {isa = PBXFileReference; lastKnownFileType = "compiled.mach-o.dylib"; name = libCGAL.13.0.2.dylib; path = ../../../../../../../../usr/local/Cellar/cgal/4.13/lib/libCGAL.13.0.2.dylib; sourceTree = "<group>"; };
		79E8026D226EFE9900956584 /* libCGAL_Core.13.0.2.dylib */ = {isa = PBXFileReference; lastKnownFileType = "compiled.mach-o.dylib"; name = libCGAL_Core.13.0.2.dylib; path = ../../../../../../../../usr/local/Cellar/cgal/4.13/lib/libCGAL_Core.13.0.2.dylib; sourceTree = "<group>"; };
		79E8026E226EFE9900956584 /* libboost_thread-mt.dylib */ = {isa = PBXFileReference; lastKnownFileType = "compiled.mach-o.dylib"; name = "libboost_thread-mt.dylib"; path = "../../../../../../../../usr/local/Cellar/boost/1.68.0_1/lib/libboost_thread-mt.dylib"; sourceTree = "<group>"; };
		79E8026F226EFE9900956584 /* libgmp.10.dylib */ = {isa = PBXFileReference; lastKnownFileType = "compiled.mach-o.dylib"; name = libgmp.10.dylib; path = ../../../../../../../../usr/local/Cellar/gmp/6.1.2_2/lib/libgmp.10.dylib; sourceTree = "<group>"; };
		79E80270226EFE9900956584 /* libmpfr.6.dylib */ = {isa = PBXFileReference; lastKnownFileType = "compiled.mach-o.dylib"; name = libmpfr.6.dylib; path = ../../../../../../../../usr/local/Cellar/mpfr/4.0.1/lib/libmpfr.6.dylib; sourceTree = "<group>"; };
		79E802762271B1B000956584 /* libglfw3.a */ = {isa = PBXFileReference; lastKnownFileType = archive.ar; name = libglfw3.a; path = "../../../../../../Downloads/ogl-master/OpenGL_bin_XCode/external/glfw-3.1.2/src/Debug/libglfw3.a"; sourceTree = "<group>"; };
		79E802782271B49200956584 /* libglfw.3.3.dylib */ = {isa = PBXFileReference; lastKnownFileType = "compiled.mach-o.dylib"; name = libglfw.3.3.dylib; path = ../../../../../../../../usr/local/Cellar/glfw/3.3/lib/libglfw.3.3.dylib; sourceTree = "<group>"; };
/* End PBXFileReference section */

/* Begin PBXFrameworksBuildPhase section */
		79E8025C226EEA3000956584 /* Frameworks */ = {
			isa = PBXFrameworksBuildPhase;
			buildActionMask = 2147483647;
			files = (
				79E802792271B49200956584 /* libglfw.3.3.dylib in Frameworks */,
				79E80271226EFE9900956584 /* libCGAL.13.0.2.dylib in Frameworks */,
				79E80272226EFE9900956584 /* libCGAL_Core.13.0.2.dylib in Frameworks */,
				79E80273226EFE9900956584 /* libboost_thread-mt.dylib in Frameworks */,
				79E80274226EFE9900956584 /* libgmp.10.dylib in Frameworks */,
				79E80275226EFE9900956584 /* libmpfr.6.dylib in Frameworks */,
				79E8026B226EEA4600956584 /* OpenGL.framework in Frameworks */,
			);
			runOnlyForDeploymentPostprocessing = 0;
		};
/* End PBXFrameworksBuildPhase section */

/* Begin PBXGroup section */
		79E80256226EEA2F00956584 = {
			isa = PBXGroup;
			children = (
				79E80261226EEA3000956584 /* CDG Project */,
				79E80260226EEA3000956584 /* Products */,
				79E80269226EEA4600956584 /* Frameworks */,
			);
			sourceTree = "<group>";
		};
		79E80260226EEA3000956584 /* Products */ = {
			isa = PBXGroup;
			children = (
				79E8025F226EEA3000956584 /* CDG Project */,
			);
			name = Products;
			sourceTree = "<group>";
		};
		79E80261226EEA3000956584 /* CDG Project */ = {
			isa = PBXGroup;
			children = (
				79E80262226EEA3000956584 /* main.cpp */,
			);
			path = "CDG Project";
			sourceTree = "<group>";
		};
		79E80269226EEA4600956584 /* Frameworks */ = {
			isa = PBXGroup;
			children = (
				79E802782271B49200956584 /* libglfw.3.3.dylib */,
				79E802762271B1B000956584 /* libglfw3.a */,
				79E8026E226EFE9900956584 /* libboost_thread-mt.dylib */,
				79E8026D226EFE9900956584 /* libCGAL_Core.13.0.2.dylib */,
				79E8026C226EFE9900956584 /* libCGAL.13.0.2.dylib */,
				79E8026F226EFE9900956584 /* libgmp.10.dylib */,
				79E80270226EFE9900956584 /* libmpfr.6.dylib */,
				79E8026A226EEA4600956584 /* OpenGL.framework */,
			);
			name = Frameworks;
			sourceTree = "<group>";
		};
/* End PBXGroup section */

/* Begin PBXNativeTarget section */
		79E8025E226EEA3000956584 /* CDG Project */ = {
			isa = PBXNativeTarget;
			buildConfigurationList = 79E80266226EEA3000956584 /* Build configuration list for PBXNativeTarget "CDG Project" */;
			buildPhases = (
				79E8025B226EEA3000956584 /* Sources */,
				79E8025C226EEA3000956584 /* Frameworks */,
				79E8025D226EEA3000956584 /* CopyFiles */,
			);
			buildRules = (
			);
			dependencies = (
			);
			name = "CDG Project";
			productName = "CDG Project";
			productReference = 79E8025F226EEA3000956584 /* CDG Project */;
			productType = "com.apple.product-type.tool";
		};
/* End PBXNativeTarget section */

/* Begin PBXProject section */
		79E80257226EEA2F00956584 /* Project object */ = {
			isa = PBXProject;
			attributes = {
				LastUpgradeCheck = 1020;
				ORGANIZATIONNAME = "Shafeef Omar";
				TargetAttributes = {
					79E8025E226EEA3000956584 = {
						CreatedOnToolsVersion = 10.2.1;
					};
				};
			};
			buildConfigurationList = 79E8025A226EEA2F00956584 /* Build configuration list for PBXProject "CDG Project" */;
			compatibilityVersion = "Xcode 9.3";
			developmentRegion = en;
			hasScannedForEncodings = 0;
			knownRegions = (
				en,
			);
			mainGroup = 79E80256226EEA2F00956584;
			productRefGroup = 79E80260226EEA3000956584 /* Products */;
			projectDirPath = "";
			projectRoot = "";
			targets = (
				79E8025E226EEA3000956584 /* CDG Project */,
			);
		};
/* End PBXProject section */

/* Begin PBXSourcesBuildPhase section */
		79E8025B226EEA3000956584 /* Sources */ = {
			isa = PBXSourcesBuildPhase;
			buildActionMask = 2147483647;
			files = (
				79E80263226EEA3000956584 /* main.cpp in Sources */,
			);
			runOnlyForDeploymentPostprocessing = 0;
		};
/* End PBXSourcesBuildPhase section */

/* Begin XCBuildConfiguration section */
		79E80264226EEA3000956584 /* Debug */ = {
			isa = XCBuildConfiguration;
			buildSettings = {
				ALWAYS_SEARCH_USER_PATHS = NO;
				CLANG_ANALYZER_NONNULL = YES;
				CLANG_ANALYZER_NUMBER_OBJECT_CONVERSION = YES_AGGRESSIVE;
				CLANG_CXX_LANGUAGE_STANDARD = "gnu++14";
				CLANG_CXX_LIBRARY = "libc++";
				CLANG_ENABLE_MODULES = YES;
				CLANG_ENABLE_OBJC_ARC = YES;
				CLANG_ENABLE_OBJC_WEAK = YES;
				CLANG_WARN_BLOCK_CAPTURE_AUTORELEASING = YES;
				CLANG_WARN_BOOL_CONVERSION = YES;
				CLANG_WARN_COMMA = YES;
				CLANG_WARN_CONSTANT_CONVERSION = YES;
				CLANG_WARN_DEPRECATED_OBJC_IMPLEMENTATIONS = YES;
				CLANG_WARN_DIRECT_OBJC_ISA_USAGE = YES_ERROR;
				CLANG_WARN_DOCUMENTATION_COMMENTS = YES;
				CLANG_WARN_EMPTY_BODY = YES;
				CLANG_WARN_ENUM_CONVERSION = YES;
				CLANG_WARN_INFINITE_RECURSION = YES;
				CLANG_WARN_INT_CONVERSION = YES;
				CLANG_WARN_NON_LITERAL_NULL_CONVERSION = YES;
				CLANG_WARN_OBJC_IMPLICIT_RETAIN_SELF = YES;
				CLANG_WARN_OBJC_LITERAL_CONVERSION = YES;
				CLANG_WARN_OBJC_ROOT_CLASS = YES_ERROR;
				CLANG_WARN_RANGE_LOOP_ANALYSIS = YES;
				CLANG_WARN_STRICT_PROTOTYPES = YES;
				CLANG_WARN_SUSPICIOUS_MOVE = YES;
				CLANG_WARN_UNGUARDED_AVAILABILITY = YES_AGGRESSIVE;
				CLANG_WARN_UNREACHABLE_CODE = YES;
				CLANG_WARN__DUPLICATE_METHOD_MATCH = YES;
				CODE_SIGN_IDENTITY = "-";
				COPY_PHASE_STRIP = NO;
				DEBUG_INFORMATION_FORMAT = dwarf;
				ENABLE_STRICT_OBJC_MSGSEND = YES;
				ENABLE_TESTABILITY = YES;
				GCC_C_LANGUAGE_STANDARD = gnu11;
				GCC_DYNAMIC_NO_PIC = NO;
				GCC_NO_COMMON_BLOCKS = YES;
				GCC_OPTIMIZATION_LEVEL = 0;
				GCC_PREPROCESSOR_DEFINITIONS = (
					"DEBUG=1",
					"$(inherited)",
				);
				GCC_WARN_64_TO_32_BIT_CONVERSION = YES;
				GCC_WARN_ABOUT_RETURN_TYPE = YES_ERROR;
				GCC_WARN_UNDECLARED_SELECTOR = YES;
				GCC_WARN_UNINITIALIZED_AUTOS = YES_AGGRESSIVE;
				GCC_WARN_UNUSED_FUNCTION = YES;
				GCC_WARN_UNUSED_VARIABLE = YES;
				MACOSX_DEPLOYMENT_TARGET = 10.14;
				MTL_ENABLE_DEBUG_INFO = INCLUDE_SOURCE;
				MTL_FAST_MATH = YES;
				ONLY_ACTIVE_ARCH = YES;
				SDKROOT = macosx;
			};
			name = Debug;
		};
		79E80265226EEA3000956584 /* Release */ = {
			isa = XCBuildConfiguration;
			buildSettings = {
				ALWAYS_SEARCH_USER_PATHS = NO;
				CLANG_ANALYZER_NONNULL = YES;
				CLANG_ANALYZER_NUMBER_OBJECT_CONVERSION = YES_AGGRESSIVE;
				CLANG_CXX_LANGUAGE_STANDARD = "gnu++14";
				CLANG_CXX_LIBRARY = "libc++";
				CLANG_ENABLE_MODULES = YES;
				CLANG_ENABLE_OBJC_ARC = YES;
				CLANG_ENABLE_OBJC_WEAK = YES;
				CLANG_WARN_BLOCK_CAPTURE_AUTORELEASING = YES;
				CLANG_WARN_BOOL_CONVERSION = YES;
				CLANG_WARN_COMMA = YES;
				CLANG_WARN_CONSTANT_CONVERSION = YES;
				CLANG_WARN_DEPRECATED_OBJC_IMPLEMENTATIONS = YES;
				CLANG_WARN_DIRECT_OBJC_ISA_USAGE = YES_ERROR;
				CLANG_WARN_DOCUMENTATION_COMMENTS = YES;
				CLANG_WARN_EMPTY_BODY = YES;
				CLANG_WARN_ENUM_CONVERSION = YES;
				CLANG_WARN_INFINITE_RECURSION = YES;
				CLANG_WARN_INT_CONVERSION = YES;
				CLANG_WARN_NON_LITERAL_NULL_CONVERSION = YES;
				CLANG_WARN_OBJC_IMPLICIT_RETAIN_SELF = YES;
				CLANG_WARN_OBJC_LITERAL_CONVERSION = YES;
				CLANG_WARN_OBJC_ROOT_CLASS = YES_ERROR;
				CLANG_WARN_RANGE_LOOP_ANALYSIS = YES;
				CLANG_WARN_STRICT_PROTOTYPES = YES;
				CLANG_WARN_SUSPICIOUS_MOVE = YES;
				CLANG_WARN_UNGUARDED_AVAILABILITY = YES_AGGRESSIVE;
				CLANG_WARN_UNREACHABLE_CODE = YES;
				CLANG_WARN__DUPLICATE_METHOD_MATCH = YES;
				CODE_SIGN_IDENTITY = "-";
				COPY_PHASE_STRIP = NO;
				DEBUG_INFORMATION_FORMAT = "dwarf-with-dsym";
				ENABLE_NS_ASSERTIONS = NO;
				ENABLE_STRICT_OBJC_MSGSEND = YES;
				GCC_C_LANGUAGE_STANDARD = gnu11;
				GCC_NO_COMMON_BLOCKS = YES;
				GCC_WARN_64_TO_32_BIT_CONVERSION = YES;
				GCC_WARN_ABOUT_RETURN_TYPE = YES_ERROR;
				GCC_WARN_UNDECLARED_SELECTOR = YES;
				GCC_WARN_UNINITIALIZED_AUTOS = YES_AGGRESSIVE;
				GCC_WARN_UNUSED_FUNCTION = YES;
				GCC_WARN_UNUSED_VARIABLE = YES;
				MACOSX_DEPLOYMENT_TARGET = 10.14;
				MTL_ENABLE_DEBUG_INFO = NO;
				MTL_FAST_MATH = YES;
				SDKROOT = macosx;
			};
			name = Release;
		};
		79E80267226EEA3000956584 /* Debug */ = {
			isa = XCBuildConfiguration;
			buildSettings = {
				ALWAYS_SEARCH_USER_PATHS = YES;
				CODE_SIGN_STYLE = Automatic;
				HEADER_SEARCH_PATHS = /usr/local/include/;
				LIBRARY_SEARCH_PATHS = (
					"$(inherited)",
					/usr/local/Cellar/cgal/4.13/lib,
					/usr/local/Cellar/boost/1.68.0_1/lib,
					/usr/local/Cellar/gmp/6.1.2_2/lib,
					/usr/local/Cellar/mpfr/4.0.1/lib,
					/usr/local/lib/,
					/usr/local/Cellar/glfw/3.3/lib,
				);
				PRODUCT_NAME = "$(TARGET_NAME)";
			};
			name = Debug;
		};
		79E80268226EEA3000956584 /* Release */ = {
			isa = XCBuildConfiguration;
			buildSettings = {
				ALWAYS_SEARCH_USER_PATHS = YES;
				CODE_SIGN_STYLE = Automatic;
				HEADER_SEARCH_PATHS = /usr/local/include/;
				LIBRARY_SEARCH_PATHS = (
					"$(inherited)",
					/usr/local/Cellar/cgal/4.13/lib,
					/usr/local/Cellar/boost/1.68.0_1/lib,
					/usr/local/Cellar/gmp/6.1.2_2/lib,
					/usr/local/Cellar/mpfr/4.0.1/lib,
					/usr/local/lib/,
					/usr/local/Cellar/glfw/3.3/lib,
				);
				PRODUCT_NAME = "$(TARGET_NAME)";
			};
			name = Release;
		};
/* End XCBuildConfiguration section */

/* Begin XCConfigurationList section */
		79E8025A226EEA2F00956584 /* Build configuration list for PBXProject "CDG Project" */ = {
			isa = XCConfigurationList;
			buildConfigurations = (
				79E80264226EEA3000956584 /* Debug */,
				79E80265226EEA3000956584 /* Release */,
			);
			defaultConfigurationIsVisible = 0;
			defaultConfigurationName = Release;
		};
		79E80266226EEA3000956584 /* Build configuration list for PBXNativeTarget "CDG Project" */ = {
			isa = XCConfigurationList;
			buildConfigurations = (
				79E80267226EEA3000956584 /* Debug */,
				79E80268226EEA3000956584 /* Release */,
			);
			defaultConfigurationIsVisible = 0;
			defaultConfigurationName = Release;
		};
/* End XCConfigurationList section */
	};
	rootObject = 79E80257226EEA2F00956584 /* Project object */;
}
